// !$*UTF8*$!
{
	archiveVersion = 1;
	classes = {
	};
	objectVersion = 50;
	objects = {

/* Begin PBXBuildFile section */
		AF2EA7E422C4FB8E007D6A8B /* AL_InvertTree.cpp in Sources */ = {isa = PBXBuildFile; fileRef = AF2EA7E322C4FB8E007D6A8B /* AL_InvertTree.cpp */; };
		AF2EA7E622C4FD4B007D6A8B /* AL_MaxDepthTree.cpp in Sources */ = {isa = PBXBuildFile; fileRef = AF2EA7E522C4FD4B007D6A8B /* AL_MaxDepthTree.cpp */; };
		AF2EA7E822C4FFA4007D6A8B /* AL_BalancedTree.cpp in Sources */ = {isa = PBXBuildFile; fileRef = AF2EA7E722C4FFA4007D6A8B /* AL_BalancedTree.cpp */; };
		AF2EA7EA22C507DF007D6A8B /* AL_SymmetricTree.cpp in Sources */ = {isa = PBXBuildFile; fileRef = AF2EA7E922C507DF007D6A8B /* AL_SymmetricTree.cpp */; };
		AF2EA7EC22C50B28007D6A8B /* AL_SameTree.cpp in Sources */ = {isa = PBXBuildFile; fileRef = AF2EA7EB22C50B28007D6A8B /* AL_SameTree.cpp */; };
		AF2EA7EE22C516C0007D6A8B /* AL_ReverseString.cpp in Sources */ = {isa = PBXBuildFile; fileRef = AF2EA7ED22C516C0007D6A8B /* AL_ReverseString.cpp */; };
		AF2EA7F022C52277007D6A8B /* AL_HasCycleList.cpp in Sources */ = {isa = PBXBuildFile; fileRef = AF2EA7EF22C52277007D6A8B /* AL_HasCycleList.cpp */; };
		AFD5E5C122BB871E003AD25F /* main.m in Sources */ = {isa = PBXBuildFile; fileRef = AFD5E5C022BB871E003AD25F /* main.m */; };
		AFD5E5CA22BB8764003AD25F /* Algorithm.mm in Sources */ = {isa = PBXBuildFile; fileRef = AFD5E5C722BB8764003AD25F /* Algorithm.mm */; };
		AFFEE26222CD07BA0049540F /* AL_Fibonacci.cpp in Sources */ = {isa = PBXBuildFile; fileRef = AFFEE26122CD07BA0049540F /* AL_Fibonacci.cpp */; };
		AFFEE26422CD105F0049540F /* AL_GetIntersectionNode.cpp in Sources */ = {isa = PBXBuildFile; fileRef = AFFEE26322CD105F0049540F /* AL_GetIntersectionNode.cpp */; };
		AFFEE26622CDA51D0049540F /* AL_OtherSort.cpp in Sources */ = {isa = PBXBuildFile; fileRef = AFFEE26522CDA51D0049540F /* AL_OtherSort.cpp */; };
		AFFEE26822CDA97B0049540F /* AL_UglyNumber.cpp in Sources */ = {isa = PBXBuildFile; fileRef = AFFEE26722CDA97B0049540F /* AL_UglyNumber.cpp */; };
		AFFEE26A22CDAB350049540F /* AL_PowerOfTwo.cpp in Sources */ = {isa = PBXBuildFile; fileRef = AFFEE26922CDAB350049540F /* AL_PowerOfTwo.cpp */; };
		AFFEE26C22CDAB5B0049540F /* AL_PowerOfThree.cpp in Sources */ = {isa = PBXBuildFile; fileRef = AFFEE26B22CDAB5B0049540F /* AL_PowerOfThree.cpp */; };
		AFFEE26E22CDAB8E0049540F /* AL_CountPrimes.cpp in Sources */ = {isa = PBXBuildFile; fileRef = AFFEE26D22CDAB8E0049540F /* AL_CountPrimes.cpp */; };
		AFFEE27722CDD7560049540F /* AL_Sort.cpp in Sources */ = {isa = PBXBuildFile; fileRef = AFFEE27622CDD7560049540F /* AL_Sort.cpp */; };
/* End PBXBuildFile section */

/* Begin PBXCopyFilesBuildPhase section */
		AFD5E5BB22BB871E003AD25F /* CopyFiles */ = {
			isa = PBXCopyFilesBuildPhase;
			buildActionMask = 2147483647;
			dstPath = /usr/share/man/man1/;
			dstSubfolderSpec = 0;
			files = (
			);
			runOnlyForDeploymentPostprocessing = 1;
		};
/* End PBXCopyFilesBuildPhase section */

/* Begin PBXFileReference section */
		AF2EA7E322C4FB8E007D6A8B /* AL_InvertTree.cpp */ = {isa = PBXFileReference; lastKnownFileType = sourcecode.cpp.cpp; path = AL_InvertTree.cpp; sourceTree = "<group>"; };
		AF2EA7E522C4FD4B007D6A8B /* AL_MaxDepthTree.cpp */ = {isa = PBXFileReference; lastKnownFileType = sourcecode.cpp.cpp; path = AL_MaxDepthTree.cpp; sourceTree = "<group>"; };
		AF2EA7E722C4FFA4007D6A8B /* AL_BalancedTree.cpp */ = {isa = PBXFileReference; lastKnownFileType = sourcecode.cpp.cpp; path = AL_BalancedTree.cpp; sourceTree = "<group>"; };
		AF2EA7E922C507DF007D6A8B /* AL_SymmetricTree.cpp */ = {isa = PBXFileReference; lastKnownFileType = sourcecode.cpp.cpp; path = AL_SymmetricTree.cpp; sourceTree = "<group>"; };
		AF2EA7EB22C50B28007D6A8B /* AL_SameTree.cpp */ = {isa = PBXFileReference; lastKnownFileType = sourcecode.cpp.cpp; path = AL_SameTree.cpp; sourceTree = "<group>"; };
		AF2EA7ED22C516C0007D6A8B /* AL_ReverseString.cpp */ = {isa = PBXFileReference; lastKnownFileType = sourcecode.cpp.cpp; path = AL_ReverseString.cpp; sourceTree = "<group>"; };
		AF2EA7EF22C52277007D6A8B /* AL_HasCycleList.cpp */ = {isa = PBXFileReference; lastKnownFileType = sourcecode.cpp.cpp; path = AL_HasCycleList.cpp; sourceTree = "<group>"; };
		AFD5E5BD22BB871E003AD25F /* LNAlgorithm */ = {isa = PBXFileReference; explicitFileType = "compiled.mach-o.executable"; includeInIndex = 0; path = LNAlgorithm; sourceTree = BUILT_PRODUCTS_DIR; };
		AFD5E5C022BB871E003AD25F /* main.m */ = {isa = PBXFileReference; lastKnownFileType = sourcecode.c.objc; path = main.m; sourceTree = "<group>"; };
		AFD5E5C722BB8764003AD25F /* Algorithm.mm */ = {isa = PBXFileReference; fileEncoding = 4; lastKnownFileType = sourcecode.cpp.objcpp; path = Algorithm.mm; sourceTree = "<group>"; };
		AFD5E5C822BB8764003AD25F /* Algorithm.hpp */ = {isa = PBXFileReference; fileEncoding = 4; lastKnownFileType = sourcecode.cpp.h; path = Algorithm.hpp; sourceTree = "<group>"; };
		AFD5E5C922BB8764003AD25F /* Algorithm.h */ = {isa = PBXFileReference; fileEncoding = 4; lastKnownFileType = sourcecode.c.h; path = Algorithm.h; sourceTree = "<group>"; };
		AFD5E5CC22BB8777003AD25F /* AL_AddTwoNumbers.cpp */ = {isa = PBXFileReference; lastKnownFileType = sourcecode.cpp.cpp; path = AL_AddTwoNumbers.cpp; sourceTree = "<group>"; };
		AFD5E5CD22BB8777003AD25F /* AL_TwoSum.cpp */ = {isa = PBXFileReference; lastKnownFileType = sourcecode.cpp.cpp; path = AL_TwoSum.cpp; sourceTree = "<group>"; };
		AFD5E5CE22BB8777003AD25F /* AL_LongestSubstring.cpp */ = {isa = PBXFileReference; lastKnownFileType = sourcecode.cpp.cpp; path = AL_LongestSubstring.cpp; sourceTree = "<group>"; };
		AFD5E5D022BB8777003AD25F /* AL_ReConstructBinaryTree.cpp */ = {isa = PBXFileReference; lastKnownFileType = sourcecode.cpp.cpp; path = AL_ReConstructBinaryTree.cpp; sourceTree = "<group>"; };
		AFD5E5D122BB8777003AD25F /* AL_TwoArrayFind.cpp */ = {isa = PBXFileReference; lastKnownFileType = sourcecode.cpp.cpp; path = AL_TwoArrayFind.cpp; sourceTree = "<group>"; };
		AFD5E5D222BB8777003AD25F /* AL_MinNumberInRotateArray.cpp */ = {isa = PBXFileReference; lastKnownFileType = sourcecode.cpp.cpp; path = AL_MinNumberInRotateArray.cpp; sourceTree = "<group>"; };
		AFD5E5D322BB8777003AD25F /* AL_PrintListFromTailToHead.cpp */ = {isa = PBXFileReference; lastKnownFileType = sourcecode.cpp.cpp; path = AL_PrintListFromTailToHead.cpp; sourceTree = "<group>"; };
		AFD5E5D422BB8777003AD25F /* AL_CustomQueue.cpp */ = {isa = PBXFileReference; lastKnownFileType = sourcecode.cpp.cpp; path = AL_CustomQueue.cpp; sourceTree = "<group>"; };
		AFD5E5D522BB8777003AD25F /* AL_ReplaceSpace.cpp */ = {isa = PBXFileReference; lastKnownFileType = sourcecode.cpp.cpp; path = AL_ReplaceSpace.cpp; sourceTree = "<group>"; };
		AFFEE26122CD07BA0049540F /* AL_Fibonacci.cpp */ = {isa = PBXFileReference; lastKnownFileType = sourcecode.cpp.cpp; path = AL_Fibonacci.cpp; sourceTree = "<group>"; };
		AFFEE26322CD105F0049540F /* AL_GetIntersectionNode.cpp */ = {isa = PBXFileReference; lastKnownFileType = sourcecode.cpp.cpp; path = AL_GetIntersectionNode.cpp; sourceTree = "<group>"; };
		AFFEE26522CDA51D0049540F /* AL_OtherSort.cpp */ = {isa = PBXFileReference; lastKnownFileType = sourcecode.cpp.cpp; path = AL_OtherSort.cpp; sourceTree = "<group>"; };
		AFFEE26722CDA97B0049540F /* AL_UglyNumber.cpp */ = {isa = PBXFileReference; lastKnownFileType = sourcecode.cpp.cpp; path = AL_UglyNumber.cpp; sourceTree = "<group>"; };
		AFFEE26922CDAB350049540F /* AL_PowerOfTwo.cpp */ = {isa = PBXFileReference; lastKnownFileType = sourcecode.cpp.cpp; path = AL_PowerOfTwo.cpp; sourceTree = "<group>"; };
		AFFEE26B22CDAB5B0049540F /* AL_PowerOfThree.cpp */ = {isa = PBXFileReference; lastKnownFileType = sourcecode.cpp.cpp; path = AL_PowerOfThree.cpp; sourceTree = "<group>"; };
		AFFEE26D22CDAB8E0049540F /* AL_CountPrimes.cpp */ = {isa = PBXFileReference; lastKnownFileType = sourcecode.cpp.cpp; path = AL_CountPrimes.cpp; sourceTree = "<group>"; };
		AFFEE27622CDD7560049540F /* AL_Sort.cpp */ = {isa = PBXFileReference; lastKnownFileType = sourcecode.cpp.cpp; path = AL_Sort.cpp; sourceTree = "<group>"; };
/* End PBXFileReference section */

/* Begin PBXFrameworksBuildPhase section */
		AFD5E5BA22BB871E003AD25F /* Frameworks */ = {
			isa = PBXFrameworksBuildPhase;
			buildActionMask = 2147483647;
			files = (
			);
			runOnlyForDeploymentPostprocessing = 0;
		};
/* End PBXFrameworksBuildPhase section */

/* Begin PBXGroup section */
		AFD5E5B422BB871E003AD25F = {
			isa = PBXGroup;
			children = (
				AFD5E5BF22BB871E003AD25F /* LNAlgorithm */,
				AFD5E5BE22BB871E003AD25F /* Products */,
			);
			sourceTree = "<group>";
		};
		AFD5E5BE22BB871E003AD25F /* Products */ = {
			isa = PBXGroup;
			children = (
				AFD5E5BD22BB871E003AD25F /* LNAlgorithm */,
			);
			name = Products;
			sourceTree = "<group>";
		};
		AFD5E5BF22BB871E003AD25F /* LNAlgorithm */ = {
			isa = PBXGroup;
			children = (
				AFD5E5C022BB871E003AD25F /* main.m */,
				AFD5E5C922BB8764003AD25F /* Algorithm.h */,
				AFD5E5C722BB8764003AD25F /* Algorithm.mm */,
				AFD5E5C822BB8764003AD25F /* Algorithm.hpp */,
				AFE6F6C622C0CDD10030B3C1 /* Sort */,
				AFD5E5CB22BB8777003AD25F /* Leetcode */,
				AFD5E5CF22BB8777003AD25F /* Jianzhioffer */,
			);
			path = LNAlgorithm;
			sourceTree = "<group>";
		};
		AFD5E5CB22BB8777003AD25F /* Leetcode */ = {
			isa = PBXGroup;
			children = (
				AFD5E5CD22BB8777003AD25F /* AL_TwoSum.cpp */,
				AFFEE26722CDA97B0049540F /* AL_UglyNumber.cpp */,
				AFFEE26922CDAB350049540F /* AL_PowerOfTwo.cpp */,
				AFFEE26B22CDAB5B0049540F /* AL_PowerOfThree.cpp */,
				AFFEE26D22CDAB8E0049540F /* AL_CountPrimes.cpp */,
				AFD5E5CC22BB8777003AD25F /* AL_AddTwoNumbers.cpp */,
				AFD5E5CE22BB8777003AD25F /* AL_LongestSubstring.cpp */,
				AF2EA7E322C4FB8E007D6A8B /* AL_InvertTree.cpp */,
				AF2EA7EB22C50B28007D6A8B /* AL_SameTree.cpp */,
				AF2EA7E522C4FD4B007D6A8B /* AL_MaxDepthTree.cpp */,
				AF2EA7E722C4FFA4007D6A8B /* AL_BalancedTree.cpp */,
				AF2EA7E922C507DF007D6A8B /* AL_SymmetricTree.cpp */,
				AF2EA7ED22C516C0007D6A8B /* AL_ReverseString.cpp */,
				AF2EA7EF22C52277007D6A8B /* AL_HasCycleList.cpp */,
				AFFEE26322CD105F0049540F /* AL_GetIntersectionNode.cpp */,
			);
			path = Leetcode;
			sourceTree = "<group>";
		};
		AFD5E5CF22BB8777003AD25F /* Jianzhioffer */ = {
			isa = PBXGroup;
			children = (
				AFD5E5D422BB8777003AD25F /* AL_CustomQueue.cpp */,
				AFD5E5D122BB8777003AD25F /* AL_TwoArrayFind.cpp */,
				AFD5E5D522BB8777003AD25F /* AL_ReplaceSpace.cpp */,
				AFD5E5D022BB8777003AD25F /* AL_ReConstructBinaryTree.cpp */,
				AFD5E5D222BB8777003AD25F /* AL_MinNumberInRotateArray.cpp */,
				AFD5E5D322BB8777003AD25F /* AL_PrintListFromTailToHead.cpp */,
				AFFEE26122CD07BA0049540F /* AL_Fibonacci.cpp */,
			);
			path = Jianzhioffer;
			sourceTree = "<group>";
		};
		AFE6F6C622C0CDD10030B3C1 /* Sort */ = {
			isa = PBXGroup;
			children = (
				AFFEE27622CDD7560049540F /* AL_Sort.cpp */,
				AFFEE26522CDA51D0049540F /* AL_OtherSort.cpp */,
			);
			path = Sort;
			sourceTree = "<group>";
		};
/* End PBXGroup section */

/* Begin PBXNativeTarget section */
		AFD5E5BC22BB871E003AD25F /* LNAlgorithm */ = {
			isa = PBXNativeTarget;
			buildConfigurationList = AFD5E5C422BB871E003AD25F /* Build configuration list for PBXNativeTarget "LNAlgorithm" */;
			buildPhases = (
				AFD5E5B922BB871E003AD25F /* Sources */,
				AFD5E5BA22BB871E003AD25F /* Frameworks */,
				AFD5E5BB22BB871E003AD25F /* CopyFiles */,
			);
			buildRules = (
			);
			dependencies = (
			);
			name = LNAlgorithm;
			productName = LNAlgorithm;
			productReference = AFD5E5BD22BB871E003AD25F /* LNAlgorithm */;
			productType = "com.apple.product-type.tool";
		};
/* End PBXNativeTarget section */

/* Begin PBXProject section */
		AFD5E5B522BB871E003AD25F /* Project object */ = {
			isa = PBXProject;
			attributes = {
				LastUpgradeCheck = 1020;
				ORGANIZATIONNAME = vvusu;
				TargetAttributes = {
					AFD5E5BC22BB871E003AD25F = {
						CreatedOnToolsVersion = 10.2.1;
					};
				};
			};
			buildConfigurationList = AFD5E5B822BB871E003AD25F /* Build configuration list for PBXProject "LNAlgorithm" */;
			compatibilityVersion = "Xcode 9.3";
			developmentRegion = en;
			hasScannedForEncodings = 0;
			knownRegions = (
				en,
			);
			mainGroup = AFD5E5B422BB871E003AD25F;
			productRefGroup = AFD5E5BE22BB871E003AD25F /* Products */;
			projectDirPath = "";
			projectRoot = "";
			targets = (
				AFD5E5BC22BB871E003AD25F /* LNAlgorithm */,
			);
		};
/* End PBXProject section */

/* Begin PBXSourcesBuildPhase section */
		AFD5E5B922BB871E003AD25F /* Sources */ = {
			isa = PBXSourcesBuildPhase;
			buildActionMask = 2147483647;
			files = (
				AF2EA7E622C4FD4B007D6A8B /* AL_MaxDepthTree.cpp in Sources */,
				AFFEE26822CDA97B0049540F /* AL_UglyNumber.cpp in Sources */,
				AF2EA7E822C4FFA4007D6A8B /* AL_BalancedTree.cpp in Sources */,
				AF2EA7EC22C50B28007D6A8B /* AL_SameTree.cpp in Sources */,
				AFFEE26222CD07BA0049540F /* AL_Fibonacci.cpp in Sources */,
				AFFEE26E22CDAB8E0049540F /* AL_CountPrimes.cpp in Sources */,
				AFD5E5C122BB871E003AD25F /* main.m in Sources */,
				AF2EA7E422C4FB8E007D6A8B /* AL_InvertTree.cpp in Sources */,
				AF2EA7EE22C516C0007D6A8B /* AL_ReverseString.cpp in Sources */,
				AFFEE26A22CDAB350049540F /* AL_PowerOfTwo.cpp in Sources */,
				AFFEE26C22CDAB5B0049540F /* AL_PowerOfThree.cpp in Sources */,
				AF2EA7F022C52277007D6A8B /* AL_HasCycleList.cpp in Sources */,
				AFFEE27722CDD7560049540F /* AL_Sort.cpp in Sources */,
				AFFEE26422CD105F0049540F /* AL_GetIntersectionNode.cpp in Sources */,
				AFFEE26622CDA51D0049540F /* AL_OtherSort.cpp in Sources */,
				AF2EA7EA22C507DF007D6A8B /* AL_SymmetricTree.cpp in Sources */,
				AFD5E5CA22BB8764003AD25F /* Algorithm.mm in Sources */,
			);
			runOnlyForDeploymentPostprocessing = 0;
		};
/* End PBXSourcesBuildPhase section */

/* Begin XCBuildConfiguration section */
		AFD5E5C222BB871E003AD25F /* Debug */ = {
			isa = XCBuildConfiguration;
			buildSettings = {
				ALWAYS_SEARCH_USER_PATHS = NO;
				CLANG_ANALYZER_NONNULL = YES;
				CLANG_ANALYZER_NUMBER_OBJECT_CONVERSION = YES_AGGRESSIVE;
				CLANG_CXX_LANGUAGE_STANDARD = "gnu++14";
				CLANG_CXX_LIBRARY = "libc++";
				CLANG_ENABLE_MODULES = YES;
				CLANG_ENABLE_OBJC_ARC = YES;
				CLANG_ENABLE_OBJC_WEAK = YES;
				CLANG_WARN_BLOCK_CAPTURE_AUTORELEASING = YES;
				CLANG_WARN_BOOL_CONVERSION = YES;
				CLANG_WARN_COMMA = YES;
				CLANG_WARN_CONSTANT_CONVERSION = YES;
				CLANG_WARN_DEPRECATED_OBJC_IMPLEMENTATIONS = YES;
				CLANG_WARN_DIRECT_OBJC_ISA_USAGE = YES_ERROR;
				CLANG_WARN_DOCUMENTATION_COMMENTS = YES;
				CLANG_WARN_EMPTY_BODY = YES;
				CLANG_WARN_ENUM_CONVERSION = YES;
				CLANG_WARN_INFINITE_RECURSION = YES;
				CLANG_WARN_INT_CONVERSION = YES;
				CLANG_WARN_NON_LITERAL_NULL_CONVERSION = YES;
				CLANG_WARN_OBJC_IMPLICIT_RETAIN_SELF = YES;
				CLANG_WARN_OBJC_LITERAL_CONVERSION = YES;
				CLANG_WARN_OBJC_ROOT_CLASS = YES_ERROR;
				CLANG_WARN_RANGE_LOOP_ANALYSIS = YES;
				CLANG_WARN_STRICT_PROTOTYPES = YES;
				CLANG_WARN_SUSPICIOUS_MOVE = YES;
				CLANG_WARN_UNGUARDED_AVAILABILITY = YES_AGGRESSIVE;
				CLANG_WARN_UNREACHABLE_CODE = YES;
				CLANG_WARN__DUPLICATE_METHOD_MATCH = YES;
				CODE_SIGN_IDENTITY = "-";
				COPY_PHASE_STRIP = NO;
				DEBUG_INFORMATION_FORMAT = dwarf;
				ENABLE_STRICT_OBJC_MSGSEND = YES;
				ENABLE_TESTABILITY = YES;
				GCC_C_LANGUAGE_STANDARD = gnu11;
				GCC_DYNAMIC_NO_PIC = NO;
				GCC_NO_COMMON_BLOCKS = YES;
				GCC_OPTIMIZATION_LEVEL = 0;
				GCC_PREPROCESSOR_DEFINITIONS = (
					"DEBUG=1",
					"$(inherited)",
				);
				GCC_WARN_64_TO_32_BIT_CONVERSION = YES;
				GCC_WARN_ABOUT_RETURN_TYPE = YES_ERROR;
				GCC_WARN_UNDECLARED_SELECTOR = YES;
				GCC_WARN_UNINITIALIZED_AUTOS = YES_AGGRESSIVE;
				GCC_WARN_UNUSED_FUNCTION = YES;
				GCC_WARN_UNUSED_VARIABLE = YES;
				MACOSX_DEPLOYMENT_TARGET = 10.14;
				MTL_ENABLE_DEBUG_INFO = INCLUDE_SOURCE;
				MTL_FAST_MATH = YES;
				ONLY_ACTIVE_ARCH = YES;
				SDKROOT = macosx;
			};
			name = Debug;
		};
		AFD5E5C322BB871E003AD25F /* Release */ = {
			isa = XCBuildConfiguration;
			buildSettings = {
				ALWAYS_SEARCH_USER_PATHS = NO;
				CLANG_ANALYZER_NONNULL = YES;
				CLANG_ANALYZER_NUMBER_OBJECT_CONVERSION = YES_AGGRESSIVE;
				CLANG_CXX_LANGUAGE_STANDARD = "gnu++14";
				CLANG_CXX_LIBRARY = "libc++";
				CLANG_ENABLE_MODULES = YES;
				CLANG_ENABLE_OBJC_ARC = YES;
				CLANG_ENABLE_OBJC_WEAK = YES;
				CLANG_WARN_BLOCK_CAPTURE_AUTORELEASING = YES;
				CLANG_WARN_BOOL_CONVERSION = YES;
				CLANG_WARN_COMMA = YES;
				CLANG_WARN_CONSTANT_CONVERSION = YES;
				CLANG_WARN_DEPRECATED_OBJC_IMPLEMENTATIONS = YES;
				CLANG_WARN_DIRECT_OBJC_ISA_USAGE = YES_ERROR;
				CLANG_WARN_DOCUMENTATION_COMMENTS = YES;
				CLANG_WARN_EMPTY_BODY = YES;
				CLANG_WARN_ENUM_CONVERSION = YES;
				CLANG_WARN_INFINITE_RECURSION = YES;
				CLANG_WARN_INT_CONVERSION = YES;
				CLANG_WARN_NON_LITERAL_NULL_CONVERSION = YES;
				CLANG_WARN_OBJC_IMPLICIT_RETAIN_SELF = YES;
				CLANG_WARN_OBJC_LITERAL_CONVERSION = YES;
				CLANG_WARN_OBJC_ROOT_CLASS = YES_ERROR;
				CLANG_WARN_RANGE_LOOP_ANALYSIS = YES;
				CLANG_WARN_STRICT_PROTOTYPES = YES;
				CLANG_WARN_SUSPICIOUS_MOVE = YES;
				CLANG_WARN_UNGUARDED_AVAILABILITY = YES_AGGRESSIVE;
				CLANG_WARN_UNREACHABLE_CODE = YES;
				CLANG_WARN__DUPLICATE_METHOD_MATCH = YES;
				CODE_SIGN_IDENTITY = "-";
				COPY_PHASE_STRIP = NO;
				DEBUG_INFORMATION_FORMAT = "dwarf-with-dsym";
				ENABLE_NS_ASSERTIONS = NO;
				ENABLE_STRICT_OBJC_MSGSEND = YES;
				GCC_C_LANGUAGE_STANDARD = gnu11;
				GCC_NO_COMMON_BLOCKS = YES;
				GCC_WARN_64_TO_32_BIT_CONVERSION = YES;
				GCC_WARN_ABOUT_RETURN_TYPE = YES_ERROR;
				GCC_WARN_UNDECLARED_SELECTOR = YES;
				GCC_WARN_UNINITIALIZED_AUTOS = YES_AGGRESSIVE;
				GCC_WARN_UNUSED_FUNCTION = YES;
				GCC_WARN_UNUSED_VARIABLE = YES;
				MACOSX_DEPLOYMENT_TARGET = 10.14;
				MTL_ENABLE_DEBUG_INFO = NO;
				MTL_FAST_MATH = YES;
				SDKROOT = macosx;
			};
			name = Release;
		};
		AFD5E5C522BB871E003AD25F /* Debug */ = {
			isa = XCBuildConfiguration;
			buildSettings = {
				CODE_SIGN_STYLE = Automatic;
				GCC_VERSION = "";
				OTHER_CFLAGS = "";
				PRODUCT_NAME = "$(TARGET_NAME)";
			};
			name = Debug;
		};
		AFD5E5C622BB871E003AD25F /* Release */ = {
			isa = XCBuildConfiguration;
			buildSettings = {
				CODE_SIGN_STYLE = Automatic;
				GCC_VERSION = "";
				OTHER_CFLAGS = "";
				PRODUCT_NAME = "$(TARGET_NAME)";
			};
			name = Release;
		};
/* End XCBuildConfiguration section */

/* Begin XCConfigurationList section */
		AFD5E5B822BB871E003AD25F /* Build configuration list for PBXProject "LNAlgorithm" */ = {
			isa = XCConfigurationList;
			buildConfigurations = (
				AFD5E5C222BB871E003AD25F /* Debug */,
				AFD5E5C322BB871E003AD25F /* Release */,
			);
			defaultConfigurationIsVisible = 0;
			defaultConfigurationName = Release;
		};
		AFD5E5C422BB871E003AD25F /* Build configuration list for PBXNativeTarget "LNAlgorithm" */ = {
			isa = XCConfigurationList;
			buildConfigurations = (
				AFD5E5C522BB871E003AD25F /* Debug */,
				AFD5E5C622BB871E003AD25F /* Release */,
			);
			defaultConfigurationIsVisible = 0;
			defaultConfigurationName = Release;
		};
/* End XCConfigurationList section */
	};
	rootObject = AFD5E5B522BB871E003AD25F /* Project object */;
}
